
// !$*UTF8*$!
{
	archiveVersion = 1;
	classes = {
	};
	objectVersion = 46;
	objects = {

/* Begin PBXBuildFile section */
		3A2B93C41D23C5F20082438E /* libBox2D.2.3.0.dylib in Frameworks */ = {isa = PBXBuildFile; fileRef = 3A2B93C31D23C5F20082438E /* libBox2D.2.3.0.dylib */; };
		3A2FF9011CD010860039DC87 /* Quadrocopter1D.cpp in Sources */ = {isa = PBXBuildFile; fileRef = 3A2FF8FF1CD010860039DC87 /* Quadrocopter1D.cpp */; };
		3A2FF9051CD0123D0039DC87 /* World.cpp in Sources */ = {isa = PBXBuildFile; fileRef = 3A2FF9031CD0123D0039DC87 /* World.cpp */; };
		3A2FF90B1CD01AF70039DC87 /* Simulation.cpp in Sources */ = {isa = PBXBuildFile; fileRef = 3A2FF9091CD01AF70039DC87 /* Simulation.cpp */; };
		3A4E34891D63883A002F4B31 /* WorldObjectInfo.cpp in Sources */ = {isa = PBXBuildFile; fileRef = 3A4E34871D63883A002F4B31 /* WorldObjectInfo.cpp */; };
		3A786E171CCBF84D00FB9BC2 /* main.cpp in Sources */ = {isa = PBXBuildFile; fileRef = 3A786E161CCBF84D00FB9BC2 /* main.cpp */; };
		3A9AD0981D1D10C100EF75ED /* Obstacle1D.cpp in Sources */ = {isa = PBXBuildFile; fileRef = 3A9AD0961D1D10C100EF75ED /* Obstacle1D.cpp */; };
		3A9AD09B1D1D10D100EF75ED /* Obstacle2D.cpp in Sources */ = {isa = PBXBuildFile; fileRef = 3A9AD0991D1D10D100EF75ED /* Obstacle2D.cpp */; };
		3A9AD09E1D1D172B00EF75ED /* ObstacleModelIFace.cpp in Sources */ = {isa = PBXBuildFile; fileRef = 3A9AD09C1D1D172B00EF75ED /* ObstacleModelIFace.cpp */; };
		3A9AD09F1D1D179E00EF75ED /* ObstacleModelIFace.cpp in Sources */ = {isa = PBXBuildFile; fileRef = 3A9AD09C1D1D172B00EF75ED /* ObstacleModelIFace.cpp */; };
		3A9AD0A21D1D1D1E00EF75ED /* WorldBase.cpp in Sources */ = {isa = PBXBuildFile; fileRef = 3A9AD0A01D1D1D1E00EF75ED /* WorldBase.cpp */; };
		3A9AD0A31D1D1D3400EF75ED /* WorldBase.cpp in Sources */ = {isa = PBXBuildFile; fileRef = 3A9AD0A01D1D1D1E00EF75ED /* WorldBase.cpp */; };
		3AA697FF1D23176C0064EAFC /* Obstacle1D.cpp in Sources */ = {isa = PBXBuildFile; fileRef = 3A9AD0961D1D10C100EF75ED /* Obstacle1D.cpp */; };
		3AA698001D23176C0064EAFC /* Obstacle2D.cpp in Sources */ = {isa = PBXBuildFile; fileRef = 3A9AD0991D1D10D100EF75ED /* Obstacle2D.cpp */; };
		3AD49E441CF4BBA300DE121D /* Quadrocopter2D.cpp in Sources */ = {isa = PBXBuildFile; fileRef = 3AD49E421CF4BBA300DE121D /* Quadrocopter2D.cpp */; };
		3AD49E451CF4C86200DE121D /* Quadrocopter2D.cpp in Sources */ = {isa = PBXBuildFile; fileRef = 3AD49E421CF4BBA300DE121D /* Quadrocopter2D.cpp */; };
		3AE420A81CD2AB7B00702C1A /* Quadrocopter1D.cpp in Sources */ = {isa = PBXBuildFile; fileRef = 3A2FF8FF1CD010860039DC87 /* Quadrocopter1D.cpp */; };
		3AE420AA1CD2AB7B00702C1A /* World.cpp in Sources */ = {isa = PBXBuildFile; fileRef = 3A2FF9031CD0123D0039DC87 /* World.cpp */; };
		3AE420AC1CD2AB7B00702C1A /* Simulation.cpp in Sources */ = {isa = PBXBuildFile; fileRef = 3A2FF9091CD01AF70039DC87 /* Simulation.cpp */; };
		3AF86AB61D15DDDB008E4D2F /* QuadrocopterModelIFace.cpp in Sources */ = {isa = PBXBuildFile; fileRef = 3AF86AB41D15DDDB008E4D2F /* QuadrocopterModelIFace.cpp */; };
		3AF86AB71D15DE3E008E4D2F /* QuadrocopterModelIFace.cpp in Sources */ = {isa = PBXBuildFile; fileRef = 3AF86AB41D15DDDB008E4D2F /* QuadrocopterModelIFace.cpp */; };
/* End PBXBuildFile section */

/* Begin PBXCopyFilesBuildPhase section */
		3A786E111CCBF84D00FB9BC2 /* CopyFiles */ = {
			isa = PBXCopyFilesBuildPhase;
			buildActionMask = 2147483647;
			dstPath = /usr/share/man/man1/;
			dstSubfolderSpec = 0;
			files = (
			);
			runOnlyForDeploymentPostprocessing = 1;
		};
/* End PBXCopyFilesBuildPhase section */

/* Begin PBXFileReference section */
		3A2B93C31D23C5F20082438E /* libBox2D.2.3.0.dylib */ = {isa = PBXFileReference; lastKnownFileType = "compiled.mach-o.dylib"; name = libBox2D.2.3.0.dylib; path = ../../installdir/lib/libBox2D.2.3.0.dylib; sourceTree = "<group>"; };
		3A2FF8FF1CD010860039DC87 /* Quadrocopter1D.cpp */ = {isa = PBXFileReference; fileEncoding = 4; lastKnownFileType = sourcecode.cpp.cpp; path = Quadrocopter1D.cpp; sourceTree = "<group>"; };
		3A2FF9001CD010860039DC87 /* Quadrocopter1D.hpp */ = {isa = PBXFileReference; fileEncoding = 4; lastKnownFileType = sourcecode.cpp.h; path = Quadrocopter1D.hpp; sourceTree = "<group>"; };
		3A2FF9031CD0123D0039DC87 /* World.cpp */ = {isa = PBXFileReference; fileEncoding = 4; lastKnownFileType = sourcecode.cpp.cpp; path = World.cpp; sourceTree = "<group>"; };
		3A2FF9041CD0123D0039DC87 /* World.hpp */ = {isa = PBXFileReference; fileEncoding = 4; lastKnownFileType = sourcecode.cpp.h; path = World.hpp; sourceTree = "<group>"; };
		3A2FF9091CD01AF70039DC87 /* Simulation.cpp */ = {isa = PBXFileReference; fileEncoding = 4; lastKnownFileType = sourcecode.cpp.cpp; path = Simulation.cpp; sourceTree = "<group>"; };
		3A2FF90A1CD01AF70039DC87 /* Simulation.hpp */ = {isa = PBXFileReference; fileEncoding = 4; lastKnownFileType = sourcecode.cpp.h; path = Simulation.hpp; sourceTree = "<group>"; };
		3A4E34871D63883A002F4B31 /* WorldObjectInfo.cpp */ = {isa = PBXFileReference; fileEncoding = 4; lastKnownFileType = sourcecode.cpp.cpp; path = WorldObjectInfo.cpp; sourceTree = "<group>"; };
		3A4E34881D63883A002F4B31 /* WorldObjectInfo.hpp */ = {isa = PBXFileReference; fileEncoding = 4; lastKnownFileType = sourcecode.cpp.h; path = WorldObjectInfo.hpp; sourceTree = "<group>"; };
		3A786E131CCBF84D00FB9BC2 /* Quadrocopter-Box2D */ = {isa = PBXFileReference; explicitFileType = "compiled.mach-o.executable"; includeInIndex = 0; path = "Quadrocopter-Box2D"; sourceTree = BUILT_PRODUCTS_DIR; };
		3A786E161CCBF84D00FB9BC2 /* main.cpp */ = {isa = PBXFileReference; lastKnownFileType = sourcecode.cpp.cpp; path = main.cpp; sourceTree = "<group>"; };
		3A9AD0961D1D10C100EF75ED /* Obstacle1D.cpp */ = {isa = PBXFileReference; fileEncoding = 4; lastKnownFileType = sourcecode.cpp.cpp; path = Obstacle1D.cpp; sourceTree = "<group>"; };
		3A9AD0971D1D10C100EF75ED /* Obstacle1D.hpp */ = {isa = PBXFileReference; fileEncoding = 4; lastKnownFileType = sourcecode.cpp.h; path = Obstacle1D.hpp; sourceTree = "<group>"; };
		3A9AD0991D1D10D100EF75ED /* Obstacle2D.cpp */ = {isa = PBXFileReference; fileEncoding = 4; lastKnownFileType = sourcecode.cpp.cpp; path = Obstacle2D.cpp; sourceTree = "<group>"; };
		3A9AD09A1D1D10D100EF75ED /* Obstacle2D.hpp */ = {isa = PBXFileReference; fileEncoding = 4; lastKnownFileType = sourcecode.cpp.h; path = Obstacle2D.hpp; sourceTree = "<group>"; };
		3A9AD09C1D1D172B00EF75ED /* ObstacleModelIFace.cpp */ = {isa = PBXFileReference; fileEncoding = 4; lastKnownFileType = sourcecode.cpp.cpp; path = ObstacleModelIFace.cpp; sourceTree = "<group>"; };
		3A9AD09D1D1D172B00EF75ED /* ObstacleModelIFace.hpp */ = {isa = PBXFileReference; fileEncoding = 4; lastKnownFileType = sourcecode.cpp.h; path = ObstacleModelIFace.hpp; sourceTree = "<group>"; };
		3A9AD0A01D1D1D1E00EF75ED /* WorldBase.cpp */ = {isa = PBXFileReference; fileEncoding = 4; lastKnownFileType = sourcecode.cpp.cpp; path = WorldBase.cpp; sourceTree = "<group>"; };
		3A9AD0A11D1D1D1E00EF75ED /* WorldBase.hpp */ = {isa = PBXFileReference; fileEncoding = 4; lastKnownFileType = sourcecode.cpp.h; path = WorldBase.hpp; sourceTree = "<group>"; };
		3AD49E421CF4BBA300DE121D /* Quadrocopter2D.cpp */ = {isa = PBXFileReference; fileEncoding = 4; lastKnownFileType = sourcecode.cpp.cpp; path = Quadrocopter2D.cpp; sourceTree = "<group>"; };
		3AD49E431CF4BBA300DE121D /* Quadrocopter2D.hpp */ = {isa = PBXFileReference; fileEncoding = 4; lastKnownFileType = sourcecode.cpp.h; path = Quadrocopter2D.hpp; sourceTree = "<group>"; };
		3AE4209A1CD2AA5600702C1A /* libQuadrocopter-Box2D-lib.dylib */ = {isa = PBXFileReference; explicitFileType = "compiled.mach-o.dylib"; includeInIndex = 0; path = "libQuadrocopter-Box2D-lib.dylib"; sourceTree = BUILT_PRODUCTS_DIR; };
		3AF86AB41D15DDDB008E4D2F /* QuadrocopterModelIFace.cpp */ = {isa = PBXFileReference; fileEncoding = 4; lastKnownFileType = sourcecode.cpp.cpp; path = QuadrocopterModelIFace.cpp; sourceTree = "<group>"; };
		3AF86AB51D15DDDB008E4D2F /* QuadrocopterModelIFace.hpp */ = {isa = PBXFileReference; fileEncoding = 4; lastKnownFileType = sourcecode.cpp.h; path = QuadrocopterModelIFace.hpp; sourceTree = "<group>"; };
/* End PBXFileReference section */

/* Begin PBXFrameworksBuildPhase section */
		3A786E101CCBF84D00FB9BC2 /* Frameworks */ = {
			isa = PBXFrameworksBuildPhase;
			buildActionMask = 2147483647;
			files = (
			);
			runOnlyForDeploymentPostprocessing = 0;
		};
		3AE420971CD2AA5600702C1A /* Frameworks */ = {
			isa = PBXFrameworksBuildPhase;
			buildActionMask = 2147483647;
			files = (
				3A2B93C41D23C5F20082438E /* libBox2D.2.3.0.dylib in Frameworks */,
			);
			runOnlyForDeploymentPostprocessing = 0;
		};
/* End PBXFrameworksBuildPhase section */

/* Begin PBXGroup section */
		3A2FF9021CD011590039DC87 /* Models */ = {
			isa = PBXGroup;
			children = (
				3A2FF8FF1CD010860039DC87 /* Quadrocopter1D.cpp */,
				3A2FF9001CD010860039DC87 /* Quadrocopter1D.hpp */,
				3AD49E421CF4BBA300DE121D /* Quadrocopter2D.cpp */,
				3AD49E431CF4BBA300DE121D /* Quadrocopter2D.hpp */,
				3AF86AB41D15DDDB008E4D2F /* QuadrocopterModelIFace.cpp */,
				3AF86AB51D15DDDB008E4D2F /* QuadrocopterModelIFace.hpp */,
				3A9AD09C1D1D172B00EF75ED /* ObstacleModelIFace.cpp */,
				3A9AD09D1D1D172B00EF75ED /* ObstacleModelIFace.hpp */,
				3A9AD0961D1D10C100EF75ED /* Obstacle1D.cpp */,
				3A9AD0971D1D10C100EF75ED /* Obstacle1D.hpp */,
				3A9AD0991D1D10D100EF75ED /* Obstacle2D.cpp */,
				3A9AD09A1D1D10D100EF75ED /* Obstacle2D.hpp */,
				3A4E34871D63883A002F4B31 /* WorldObjectInfo.cpp */,
				3A4E34881D63883A002F4B31 /* WorldObjectInfo.hpp */,
			);
			name = Models;
			sourceTree = "<group>";
		};
		3A786E0A1CCBF84D00FB9BC2 = {
			isa = PBXGroup;
			children = (
				3A2B93C31D23C5F20082438E /* libBox2D.2.3.0.dylib */,
				3A786E151CCBF84D00FB9BC2 /* Quadrocopter-Box2D */,
				3A786E141CCBF84D00FB9BC2 /* Products */,
			);
			sourceTree = "<group>";
		};